{
  "nodes": {
    "flake-compat": {
      "flake": false,
      "locked": {
        "lastModified": 1648199409,
        "narHash": "sha256-JwPKdC2PoVBkG6E+eWw3j6BMR6sL3COpYWfif7RVb8Y=",
        "owner": "edolstra",
        "repo": "flake-compat",
        "rev": "64a525ee38886ab9028e6f61790de0832aa3ef03",
        "type": "github"
      },
      "original": {
        "owner": "edolstra",
        "repo": "flake-compat",
        "type": "github"
      }
    },
    "flake-utils": {
      "locked": {
        "lastModified": 1656065134,
        "narHash": "sha256-oc6E6ByIw3oJaIyc67maaFcnjYOz1mMcOtHxbEf9NwQ=",
        "owner": "numtide",
        "repo": "flake-utils",
        "rev": "bee6a7250dd1b01844a2de7e02e4df7d8a0a206c",
        "type": "github"
      },
      "original": {
        "owner": "numtide",
        "repo": "flake-utils",
        "type": "github"
      }
    },
    "flake-utils_2": {
      "locked": {
        "lastModified": 1659877975,
        "narHash": "sha256-zllb8aq3YO3h8B/U0/J1WBgAL8EX5yWf5pMj3G0NAmc=",
        "owner": "numtide",
        "repo": "flake-utils",
        "rev": "c0e246b9b83f637f4681389ecabcb2681b4f3af0",
        "type": "github"
      },
      "original": {
        "owner": "numtide",
        "repo": "flake-utils",
        "type": "github"
      }
    },
    "nixpkgs": {
      "locked": {
        "lastModified": 1659526864,
        "narHash": "sha256-XFzXrc1+6DZb9hBgHfEzfwylPUSqVFJbQPs8eOgYufU=",
        "owner": "nixos",
        "repo": "nixpkgs",
        "rev": "478f3cbc8448b5852539d785fbfe9a53304133be",
        "type": "github"
      },
      "original": {
        "owner": "nixos",
        "ref": "release-22.05",
        "repo": "nixpkgs",
        "type": "github"
      }
    },
    "nixpkgs-unstable": {
      "locked": {
        "lastModified": 1659494082,
        "narHash": "sha256-XRwMisQY/BcvDMDRVkd4n3/CT89HOtlPgWIQUNPvWSc=",
        "owner": "nixos",
        "repo": "nixpkgs",
        "rev": "8c7576622aeb4707351a17e83429667f42e7d910",
        "type": "github"
      },
      "original": {
        "owner": "nixos",
        "ref": "nixpkgs-unstable",
        "repo": "nixpkgs",
        "type": "github"
      }
    },
    "nixpkgs_2": {
      "locked": {
        "lastModified": 1661151577,
        "narHash": "sha256-++S0TuJtuz9IpqP8rKktWyHZKpgdyrzDFUXVY07MTRI=",
        "owner": "NixOS",
        "repo": "nixpkgs",
        "rev": "54060e816971276da05970a983487a25810c38a7",
        "type": "github"
      },
      "original": {
        "owner": "NixOS",
        "ref": "nixpkgs-unstable",
        "repo": "nixpkgs",
        "type": "github"
      }
    },
    "root": {
      "inputs": {
        "flake-compat": "flake-compat",
        "flake-utils": "flake-utils",
        "nixpkgs": "nixpkgs",
        "nixpkgs-unstable": "nixpkgs-unstable",
        "zig": "zig"
      }
    },
    "zig": {
      "inputs": {
        "flake-utils": "flake-utils_2",
        "nixpkgs": "nixpkgs_2"
      },
      "locked": {
        "lastModified": 1666526970,
        "narHash": "sha256-qfhQNN36Bc1RNGtIC63Gc2UcE27Y9FQ/+uKuujimKms=",
        "owner": "mitchellh",
        "repo": "zig-overlay",
        "rev": "c6d01ab96647f8dc4b5f99bc2eb71eeec48d1330",
        "type": "github"
      },
      "original": {
        "owner": "mitchellh",
        "repo": "zig-overlay",
        "type": "github"
      }
    }
  },
  "root": "root",
  "version": 7
}
