// !$*UTF8*$!
{
	archiveVersion = 1;
	classes = {
	};
	objectVersion = 56;
	objects = {

/* Begin PBXBuildFile section */
		8503D7C72A549C66006CFF3D /* FullScreenHandler.swift in Sources */ = {isa = PBXBuildFile; fileRef = 8503D7C62A549C66006CFF3D /* FullScreenHandler.swift */; };
		85102A1C2A6E32890084AB3E /* PrimaryWindowController.swift in Sources */ = {isa = PBXBuildFile; fileRef = 85102A1B2A6E32890084AB3E /* PrimaryWindowController.swift */; };
		857F63812A5E64F200CA4815 /* MainMenu.xib in Resources */ = {isa = PBXBuildFile; fileRef = 857F63802A5E64F200CA4815 /* MainMenu.xib */; };
		85DE1C922A6A3DCA00493853 /* PrimaryWindow.swift in Sources */ = {isa = PBXBuildFile; fileRef = 85DE1C912A6A3DCA00493853 /* PrimaryWindow.swift */; };
		A5278A9B2AA05B2600CD3039 /* Ghostty.Input.swift in Sources */ = {isa = PBXBuildFile; fileRef = A5278A9A2AA05B2600CD3039 /* Ghostty.Input.swift */; };
		A53426352A7DA53D00EBB7A2 /* AppDelegate.swift in Sources */ = {isa = PBXBuildFile; fileRef = A53426342A7DA53D00EBB7A2 /* AppDelegate.swift */; };
		A53426392A7DC55C00EBB7A2 /* PrimaryWindowManager.swift in Sources */ = {isa = PBXBuildFile; fileRef = A53426382A7DC55C00EBB7A2 /* PrimaryWindowManager.swift */; };
		A535B9DA299C569B0017E2E4 /* ErrorView.swift in Sources */ = {isa = PBXBuildFile; fileRef = A535B9D9299C569B0017E2E4 /* ErrorView.swift */; };
		A545D1A22A5772CE006E0AE4 /* shell-integration in Resources */ = {isa = PBXBuildFile; fileRef = A545D1A12A5772CE006E0AE4 /* shell-integration */; };
		A55685E029A03A9F004303CE /* AppError.swift in Sources */ = {isa = PBXBuildFile; fileRef = A55685DF29A03A9F004303CE /* AppError.swift */; };
		A55B7BB629B6F47F0055DE60 /* AppState.swift in Sources */ = {isa = PBXBuildFile; fileRef = A55B7BB529B6F47F0055DE60 /* AppState.swift */; };
		A55B7BB829B6F53A0055DE60 /* Package.swift in Sources */ = {isa = PBXBuildFile; fileRef = A55B7BB729B6F53A0055DE60 /* Package.swift */; };
		A55B7BBC29B6FC330055DE60 /* SurfaceView.swift in Sources */ = {isa = PBXBuildFile; fileRef = A55B7BBB29B6FC330055DE60 /* SurfaceView.swift */; };
		A55B7BBE29B701360055DE60 /* Ghostty.SplitView.swift in Sources */ = {isa = PBXBuildFile; fileRef = A55B7BBD29B701360055DE60 /* Ghostty.SplitView.swift */; };
		A56B880B2A840447007A0E29 /* Carbon.framework in Frameworks */ = {isa = PBXBuildFile; fileRef = A56B880A2A840447007A0E29 /* Carbon.framework */; };
		A571AB1D2A206FCF00248498 /* GhosttyKit.xcframework in Frameworks */ = {isa = PBXBuildFile; fileRef = A5D495A1299BEC7E00DD1313 /* GhosttyKit.xcframework */; };
		A59444F729A2ED5200725BBA /* SettingsView.swift in Sources */ = {isa = PBXBuildFile; fileRef = A59444F629A2ED5200725BBA /* SettingsView.swift */; };
		A5A1F8852A489D6800D1E8BC /* terminfo in Resources */ = {isa = PBXBuildFile; fileRef = A5A1F8842A489D6800D1E8BC /* terminfo */; };
		A5B30539299BEAAB0047F10C /* Assets.xcassets in Resources */ = {isa = PBXBuildFile; fileRef = A5B30538299BEAAB0047F10C /* Assets.xcassets */; };
		A5CEAFDC29B8009000646FDA /* SplitView.swift in Sources */ = {isa = PBXBuildFile; fileRef = A5CEAFDB29B8009000646FDA /* SplitView.swift */; };
		A5CEAFDE29B8058B00646FDA /* SplitView.Divider.swift in Sources */ = {isa = PBXBuildFile; fileRef = A5CEAFDD29B8058B00646FDA /* SplitView.Divider.swift */; };
		A5CEAFFF29C2410700646FDA /* Backport.swift in Sources */ = {isa = PBXBuildFile; fileRef = A5CEAFFE29C2410700646FDA /* Backport.swift */; };
		A5FECBD729D1FC3900022361 /* PrimaryView.swift in Sources */ = {isa = PBXBuildFile; fileRef = A5FECBD629D1FC3900022361 /* PrimaryView.swift */; };
		A5FECBD929D2010400022361 /* WindowAccessor.swift in Sources */ = {isa = PBXBuildFile; fileRef = A5FECBD829D2010400022361 /* WindowAccessor.swift */; };
/* End PBXBuildFile section */

/* Begin PBXFileReference section */
		8503D7C62A549C66006CFF3D /* FullScreenHandler.swift */ = {isa = PBXFileReference; lastKnownFileType = sourcecode.swift; path = FullScreenHandler.swift; sourceTree = "<group>"; };
		85102A1B2A6E32890084AB3E /* PrimaryWindowController.swift */ = {isa = PBXFileReference; lastKnownFileType = sourcecode.swift; path = PrimaryWindowController.swift; sourceTree = "<group>"; };
		857F63802A5E64F200CA4815 /* MainMenu.xib */ = {isa = PBXFileReference; lastKnownFileType = file.xib; path = MainMenu.xib; sourceTree = "<group>"; };
		85DE1C912A6A3DCA00493853 /* PrimaryWindow.swift */ = {isa = PBXFileReference; lastKnownFileType = sourcecode.swift; path = PrimaryWindow.swift; sourceTree = "<group>"; };
		A5278A9A2AA05B2600CD3039 /* Ghostty.Input.swift */ = {isa = PBXFileReference; lastKnownFileType = sourcecode.swift; path = Ghostty.Input.swift; sourceTree = "<group>"; };
		A53426342A7DA53D00EBB7A2 /* AppDelegate.swift */ = {isa = PBXFileReference; lastKnownFileType = sourcecode.swift; path = AppDelegate.swift; sourceTree = "<group>"; };
		A53426382A7DC55C00EBB7A2 /* PrimaryWindowManager.swift */ = {isa = PBXFileReference; lastKnownFileType = sourcecode.swift; path = PrimaryWindowManager.swift; sourceTree = "<group>"; };
		A535B9D9299C569B0017E2E4 /* ErrorView.swift */ = {isa = PBXFileReference; lastKnownFileType = sourcecode.swift; path = ErrorView.swift; sourceTree = "<group>"; };
		A545D1A12A5772CE006E0AE4 /* shell-integration */ = {isa = PBXFileReference; lastKnownFileType = folder; name = "shell-integration"; path = "../zig-out/share/shell-integration"; sourceTree = "<group>"; };
		A55685DF29A03A9F004303CE /* AppError.swift */ = {isa = PBXFileReference; lastKnownFileType = sourcecode.swift; path = AppError.swift; sourceTree = "<group>"; };
		A55B7BB529B6F47F0055DE60 /* AppState.swift */ = {isa = PBXFileReference; lastKnownFileType = sourcecode.swift; path = AppState.swift; sourceTree = "<group>"; };
		A55B7BB729B6F53A0055DE60 /* Package.swift */ = {isa = PBXFileReference; lastKnownFileType = sourcecode.swift; path = Package.swift; sourceTree = "<group>"; };
		A55B7BBB29B6FC330055DE60 /* SurfaceView.swift */ = {isa = PBXFileReference; lastKnownFileType = sourcecode.swift; path = SurfaceView.swift; sourceTree = "<group>"; };
		A55B7BBD29B701360055DE60 /* Ghostty.SplitView.swift */ = {isa = PBXFileReference; lastKnownFileType = sourcecode.swift; path = Ghostty.SplitView.swift; sourceTree = "<group>"; };
		A56B880A2A840447007A0E29 /* Carbon.framework */ = {isa = PBXFileReference; lastKnownFileType = wrapper.framework; name = Carbon.framework; path = System/Library/Frameworks/Carbon.framework; sourceTree = SDKROOT; };
		A571AB1C2A206FC600248498 /* Ghostty-Info.plist */ = {isa = PBXFileReference; lastKnownFileType = text.plist; path = "Ghostty-Info.plist"; sourceTree = "<group>"; };
		A59444F629A2ED5200725BBA /* SettingsView.swift */ = {isa = PBXFileReference; lastKnownFileType = sourcecode.swift; path = SettingsView.swift; sourceTree = "<group>"; };
		A5A1F8842A489D6800D1E8BC /* terminfo */ = {isa = PBXFileReference; lastKnownFileType = folder; name = terminfo; path = "../zig-out/share/terminfo"; sourceTree = "<group>"; };
		A5B30531299BEAAA0047F10C /* Ghostty.app */ = {isa = PBXFileReference; explicitFileType = wrapper.application; includeInIndex = 0; path = Ghostty.app; sourceTree = BUILT_PRODUCTS_DIR; };
		A5B30538299BEAAB0047F10C /* Assets.xcassets */ = {isa = PBXFileReference; lastKnownFileType = folder.assetcatalog; path = Assets.xcassets; sourceTree = "<group>"; };
		A5B3053D299BEAAB0047F10C /* Ghostty.entitlements */ = {isa = PBXFileReference; lastKnownFileType = text.plist.entitlements; path = Ghostty.entitlements; sourceTree = "<group>"; };
		A5CEAFDB29B8009000646FDA /* SplitView.swift */ = {isa = PBXFileReference; lastKnownFileType = sourcecode.swift; path = SplitView.swift; sourceTree = "<group>"; };
		A5CEAFDD29B8058B00646FDA /* SplitView.Divider.swift */ = {isa = PBXFileReference; lastKnownFileType = sourcecode.swift; path = SplitView.Divider.swift; sourceTree = "<group>"; };
		A5CEAFFE29C2410700646FDA /* Backport.swift */ = {isa = PBXFileReference; lastKnownFileType = sourcecode.swift; path = Backport.swift; sourceTree = "<group>"; };
		A5D495A1299BEC7E00DD1313 /* GhosttyKit.xcframework */ = {isa = PBXFileReference; lastKnownFileType = wrapper.xcframework; path = GhosttyKit.xcframework; sourceTree = "<group>"; };
		A5FECBD629D1FC3900022361 /* PrimaryView.swift */ = {isa = PBXFileReference; lastKnownFileType = sourcecode.swift; path = PrimaryView.swift; sourceTree = "<group>"; };
		A5FECBD829D2010400022361 /* WindowAccessor.swift */ = {isa = PBXFileReference; lastKnownFileType = sourcecode.swift; path = WindowAccessor.swift; sourceTree = "<group>"; };
/* End PBXFileReference section */

/* Begin PBXFrameworksBuildPhase section */
		A5B3052E299BEAAA0047F10C /* Frameworks */ = {
			isa = PBXFrameworksBuildPhase;
			buildActionMask = 2147483647;
			files = (
				A56B880B2A840447007A0E29 /* Carbon.framework in Frameworks */,
				A571AB1D2A206FCF00248498 /* GhosttyKit.xcframework in Frameworks */,
			);
			runOnlyForDeploymentPostprocessing = 0;
		};
/* End PBXFrameworksBuildPhase section */

/* Begin PBXGroup section */
		A53426362A7DC53000EBB7A2 /* Features */ = {
			isa = PBXGroup;
			children = (
				A53426372A7DC53A00EBB7A2 /* Primary Window */,
				A534263E2A7DCC5800EBB7A2 /* Settings */,
			);
			path = Features;
			sourceTree = "<group>";
		};
		A53426372A7DC53A00EBB7A2 /* Primary Window */ = {
			isa = PBXGroup;
			children = (
				A53426382A7DC55C00EBB7A2 /* PrimaryWindowManager.swift */,
				85102A1B2A6E32890084AB3E /* PrimaryWindowController.swift */,
				85DE1C912A6A3DCA00493853 /* PrimaryWindow.swift */,
				A5FECBD629D1FC3900022361 /* PrimaryView.swift */,
				A535B9D9299C569B0017E2E4 /* ErrorView.swift */,
			);
			path = "Primary Window";
			sourceTree = "<group>";
		};
		A534263D2A7DCBB000EBB7A2 /* Helpers */ = {
			isa = PBXGroup;
			children = (
				A5CEAFFE29C2410700646FDA /* Backport.swift */,
				8503D7C62A549C66006CFF3D /* FullScreenHandler.swift */,
				A5FECBD829D2010400022361 /* WindowAccessor.swift */,
				A5CEAFDA29B8005900646FDA /* SplitView */,
			);
			path = Helpers;
			sourceTree = "<group>";
		};
		A534263E2A7DCC5800EBB7A2 /* Settings */ = {
			isa = PBXGroup;
			children = (
				A59444F629A2ED5200725BBA /* SettingsView.swift */,
			);
			path = Settings;
			sourceTree = "<group>";
		};
		A54CD6ED299BEB14008C95BB /* Sources */ = {
			isa = PBXGroup;
			children = (
				A53426342A7DA53D00EBB7A2 /* AppDelegate.swift */,
				857F63802A5E64F200CA4815 /* MainMenu.xib */,
				A53426362A7DC53000EBB7A2 /* Features */,
				A534263D2A7DCBB000EBB7A2 /* Helpers */,
				A55B7BB429B6F4410055DE60 /* Ghostty */,
			);
			path = Sources;
			sourceTree = "<group>";
		};
		A55B7BB429B6F4410055DE60 /* Ghostty */ = {
			isa = PBXGroup;
			children = (
				A55B7BB729B6F53A0055DE60 /* Package.swift */,
				A55B7BB529B6F47F0055DE60 /* AppState.swift */,
				A55B7BBB29B6FC330055DE60 /* SurfaceView.swift */,
				A5278A9A2AA05B2600CD3039 /* Ghostty.Input.swift */,
				A55B7BBD29B701360055DE60 /* Ghostty.SplitView.swift */,
				A55685DF29A03A9F004303CE /* AppError.swift */,
			);
			path = Ghostty;
			sourceTree = "<group>";
		};
		A5A1F8862A489D7400D1E8BC /* Resources */ = {
			isa = PBXGroup;
			children = (
				A545D1A12A5772CE006E0AE4 /* shell-integration */,
				A5A1F8842A489D6800D1E8BC /* terminfo */,
			);
			name = Resources;
			sourceTree = "<group>";
		};
		A5B30528299BEAAA0047F10C = {
			isa = PBXGroup;
			children = (
				A571AB1C2A206FC600248498 /* Ghostty-Info.plist */,
				A5B30538299BEAAB0047F10C /* Assets.xcassets */,
				A5B3053D299BEAAB0047F10C /* Ghostty.entitlements */,
				A54CD6ED299BEB14008C95BB /* Sources */,
				A5D495A3299BECBA00DD1313 /* Frameworks */,
				A5A1F8862A489D7400D1E8BC /* Resources */,
				A5B30532299BEAAA0047F10C /* Products */,
			);
			sourceTree = "<group>";
		};
		A5B30532299BEAAA0047F10C /* Products */ = {
			isa = PBXGroup;
			children = (
				A5B30531299BEAAA0047F10C /* Ghostty.app */,
			);
			name = Products;
			sourceTree = "<group>";
		};
		A5CEAFDA29B8005900646FDA /* SplitView */ = {
			isa = PBXGroup;
			children = (
				A5CEAFDB29B8009000646FDA /* SplitView.swift */,
				A5CEAFDD29B8058B00646FDA /* SplitView.Divider.swift */,
			);
			path = SplitView;
			sourceTree = "<group>";
		};
		A5D495A3299BECBA00DD1313 /* Frameworks */ = {
			isa = PBXGroup;
			children = (
				A56B880A2A840447007A0E29 /* Carbon.framework */,
				A5D495A1299BEC7E00DD1313 /* GhosttyKit.xcframework */,
			);
			name = Frameworks;
			sourceTree = "<group>";
		};
/* End PBXGroup section */

/* Begin PBXNativeTarget section */
		A5B30530299BEAAA0047F10C /* Ghostty */ = {
			isa = PBXNativeTarget;
			buildConfigurationList = A5B30540299BEAAB0047F10C /* Build configuration list for PBXNativeTarget "Ghostty" */;
			buildPhases = (
				A5B3052D299BEAAA0047F10C /* Sources */,
				A5B3052E299BEAAA0047F10C /* Frameworks */,
				A5B3052F299BEAAA0047F10C /* Resources */,
			);
			buildRules = (
			);
			dependencies = (
			);
			name = Ghostty;
			productName = Ghostty;
			productReference = A5B30531299BEAAA0047F10C /* Ghostty.app */;
			productType = "com.apple.product-type.application";
		};
/* End PBXNativeTarget section */

/* Begin PBXProject section */
		A5B30529299BEAAA0047F10C /* Project object */ = {
			isa = PBXProject;
			attributes = {
				BuildIndependentTargetsInParallel = 1;
				LastSwiftUpdateCheck = 1420;
				LastUpgradeCheck = 1420;
				TargetAttributes = {
					A5B30530299BEAAA0047F10C = {
						CreatedOnToolsVersion = 14.2;
					};
				};
			};
			buildConfigurationList = A5B3052C299BEAAA0047F10C /* Build configuration list for PBXProject "Ghostty" */;
			compatibilityVersion = "Xcode 14.0";
			developmentRegion = en;
			hasScannedForEncodings = 0;
			knownRegions = (
				en,
				Base,
			);
			mainGroup = A5B30528299BEAAA0047F10C;
			productRefGroup = A5B30532299BEAAA0047F10C /* Products */;
			projectDirPath = "";
			projectRoot = "";
			targets = (
				A5B30530299BEAAA0047F10C /* Ghostty */,
			);
		};
/* End PBXProject section */

/* Begin PBXResourcesBuildPhase section */
		A5B3052F299BEAAA0047F10C /* Resources */ = {
			isa = PBXResourcesBuildPhase;
			buildActionMask = 2147483647;
			files = (
				A545D1A22A5772CE006E0AE4 /* shell-integration in Resources */,
				A5A1F8852A489D6800D1E8BC /* terminfo in Resources */,
				A5B30539299BEAAB0047F10C /* Assets.xcassets in Resources */,
				857F63812A5E64F200CA4815 /* MainMenu.xib in Resources */,
			);
			runOnlyForDeploymentPostprocessing = 0;
		};
/* End PBXResourcesBuildPhase section */

/* Begin PBXSourcesBuildPhase section */
		A5B3052D299BEAAA0047F10C /* Sources */ = {
			isa = PBXSourcesBuildPhase;
			buildActionMask = 2147483647;
			files = (
				A53426392A7DC55C00EBB7A2 /* PrimaryWindowManager.swift in Sources */,
				85DE1C922A6A3DCA00493853 /* PrimaryWindow.swift in Sources */,
				A5278A9B2AA05B2600CD3039 /* Ghostty.Input.swift in Sources */,
				A53426352A7DA53D00EBB7A2 /* AppDelegate.swift in Sources */,
				A55B7BBC29B6FC330055DE60 /* SurfaceView.swift in Sources */,
				A59444F729A2ED5200725BBA /* SettingsView.swift in Sources */,
				A5FECBD729D1FC3900022361 /* PrimaryView.swift in Sources */,
				A55B7BB829B6F53A0055DE60 /* Package.swift in Sources */,
				A55B7BBE29B701360055DE60 /* Ghostty.SplitView.swift in Sources */,
				A55B7BB629B6F47F0055DE60 /* AppState.swift in Sources */,
				A5CEAFDC29B8009000646FDA /* SplitView.swift in Sources */,
				A55685E029A03A9F004303CE /* AppError.swift in Sources */,
				A5FECBD929D2010400022361 /* WindowAccessor.swift in Sources */,
				A535B9DA299C569B0017E2E4 /* ErrorView.swift in Sources */,
				85102A1C2A6E32890084AB3E /* PrimaryWindowController.swift in Sources */,
				A5CEAFFF29C2410700646FDA /* Backport.swift in Sources */,
				8503D7C72A549C66006CFF3D /* FullScreenHandler.swift in Sources */,
				A5CEAFDE29B8058B00646FDA /* SplitView.Divider.swift in Sources */,
			);
			runOnlyForDeploymentPostprocessing = 0;
		};
/* End PBXSourcesBuildPhase section */

/* Begin XCBuildConfiguration section */
		A5B3053E299BEAAB0047F10C /* Debug */ = {
			isa = XCBuildConfiguration;
			buildSettings = {
				ALWAYS_SEARCH_USER_PATHS = NO;
				CLANG_ANALYZER_NONNULL = YES;
				CLANG_ANALYZER_NUMBER_OBJECT_CONVERSION = YES_AGGRESSIVE;
				CLANG_CXX_LANGUAGE_STANDARD = "gnu++20";
				CLANG_ENABLE_MODULES = YES;
				CLANG_ENABLE_OBJC_ARC = YES;
				CLANG_ENABLE_OBJC_WEAK = YES;
				CLANG_WARN_BLOCK_CAPTURE_AUTORELEASING = YES;
				CLANG_WARN_BOOL_CONVERSION = YES;
				CLANG_WARN_COMMA = YES;
				CLANG_WARN_CONSTANT_CONVERSION = YES;
				CLANG_WARN_DEPRECATED_OBJC_IMPLEMENTATIONS = YES;
				CLANG_WARN_DIRECT_OBJC_ISA_USAGE = YES_ERROR;
				CLANG_WARN_DOCUMENTATION_COMMENTS = YES;
				CLANG_WARN_EMPTY_BODY = YES;
				CLANG_WARN_ENUM_CONVERSION = YES;
				CLANG_WARN_INFINITE_RECURSION = YES;
				CLANG_WARN_INT_CONVERSION = YES;
				CLANG_WARN_NON_LITERAL_NULL_CONVERSION = YES;
				CLANG_WARN_OBJC_IMPLICIT_RETAIN_SELF = YES;
				CLANG_WARN_OBJC_LITERAL_CONVERSION = YES;
				CLANG_WARN_OBJC_ROOT_CLASS = YES_ERROR;
				CLANG_WARN_QUOTED_INCLUDE_IN_FRAMEWORK_HEADER = YES;
				CLANG_WARN_RANGE_LOOP_ANALYSIS = YES;
				CLANG_WARN_STRICT_PROTOTYPES = YES;
				CLANG_WARN_SUSPICIOUS_MOVE = YES;
				CLANG_WARN_UNGUARDED_AVAILABILITY = YES_AGGRESSIVE;
				CLANG_WARN_UNREACHABLE_CODE = YES;
				CLANG_WARN__DUPLICATE_METHOD_MATCH = YES;
				COPY_PHASE_STRIP = NO;
				DEBUG_INFORMATION_FORMAT = dwarf;
				ENABLE_STRICT_OBJC_MSGSEND = YES;
				ENABLE_TESTABILITY = YES;
				GCC_C_LANGUAGE_STANDARD = gnu11;
				GCC_DYNAMIC_NO_PIC = NO;
				GCC_NO_COMMON_BLOCKS = YES;
				GCC_OPTIMIZATION_LEVEL = 0;
				GCC_PREPROCESSOR_DEFINITIONS = (
					"DEBUG=1",
					"$(inherited)",
				);
				GCC_WARN_64_TO_32_BIT_CONVERSION = YES;
				GCC_WARN_ABOUT_RETURN_TYPE = YES_ERROR;
				GCC_WARN_UNDECLARED_SELECTOR = YES;
				GCC_WARN_UNINITIALIZED_AUTOS = YES_AGGRESSIVE;
				GCC_WARN_UNUSED_FUNCTION = YES;
				GCC_WARN_UNUSED_VARIABLE = YES;
				MACOSX_DEPLOYMENT_TARGET = 13.1;
				MTL_ENABLE_DEBUG_INFO = INCLUDE_SOURCE;
				MTL_FAST_MATH = YES;
				ONLY_ACTIVE_ARCH = YES;
				SDKROOT = macosx;
				SWIFT_ACTIVE_COMPILATION_CONDITIONS = DEBUG;
				SWIFT_OPTIMIZATION_LEVEL = "-Onone";
			};
			name = Debug;
		};
		A5B3053F299BEAAB0047F10C /* Release */ = {
			isa = XCBuildConfiguration;
			buildSettings = {
				ALWAYS_SEARCH_USER_PATHS = NO;
				CLANG_ANALYZER_NONNULL = YES;
				CLANG_ANALYZER_NUMBER_OBJECT_CONVERSION = YES_AGGRESSIVE;
				CLANG_CXX_LANGUAGE_STANDARD = "gnu++20";
				CLANG_ENABLE_MODULES = YES;
				CLANG_ENABLE_OBJC_ARC = YES;
				CLANG_ENABLE_OBJC_WEAK = YES;
				CLANG_WARN_BLOCK_CAPTURE_AUTORELEASING = YES;
				CLANG_WARN_BOOL_CONVERSION = YES;
				CLANG_WARN_COMMA = YES;
				CLANG_WARN_CONSTANT_CONVERSION = YES;
				CLANG_WARN_DEPRECATED_OBJC_IMPLEMENTATIONS = YES;
				CLANG_WARN_DIRECT_OBJC_ISA_USAGE = YES_ERROR;
				CLANG_WARN_DOCUMENTATION_COMMENTS = YES;
				CLANG_WARN_EMPTY_BODY = YES;
				CLANG_WARN_ENUM_CONVERSION = YES;
				CLANG_WARN_INFINITE_RECURSION = YES;
				CLANG_WARN_INT_CONVERSION = YES;
				CLANG_WARN_NON_LITERAL_NULL_CONVERSION = YES;
				CLANG_WARN_OBJC_IMPLICIT_RETAIN_SELF = YES;
				CLANG_WARN_OBJC_LITERAL_CONVERSION = YES;
				CLANG_WARN_OBJC_ROOT_CLASS = YES_ERROR;
				CLANG_WARN_QUOTED_INCLUDE_IN_FRAMEWORK_HEADER = YES;
				CLANG_WARN_RANGE_LOOP_ANALYSIS = YES;
				CLANG_WARN_STRICT_PROTOTYPES = YES;
				CLANG_WARN_SUSPICIOUS_MOVE = YES;
				CLANG_WARN_UNGUARDED_AVAILABILITY = YES_AGGRESSIVE;
				CLANG_WARN_UNREACHABLE_CODE = YES;
				CLANG_WARN__DUPLICATE_METHOD_MATCH = YES;
				COPY_PHASE_STRIP = NO;
				DEBUG_INFORMATION_FORMAT = "dwarf-with-dsym";
				ENABLE_NS_ASSERTIONS = NO;
				ENABLE_STRICT_OBJC_MSGSEND = YES;
				GCC_C_LANGUAGE_STANDARD = gnu11;
				GCC_NO_COMMON_BLOCKS = YES;
				GCC_WARN_64_TO_32_BIT_CONVERSION = YES;
				GCC_WARN_ABOUT_RETURN_TYPE = YES_ERROR;
				GCC_WARN_UNDECLARED_SELECTOR = YES;
				GCC_WARN_UNINITIALIZED_AUTOS = YES_AGGRESSIVE;
				GCC_WARN_UNUSED_FUNCTION = YES;
				GCC_WARN_UNUSED_VARIABLE = YES;
				MACOSX_DEPLOYMENT_TARGET = 13.1;
				MTL_ENABLE_DEBUG_INFO = NO;
				MTL_FAST_MATH = YES;
				SDKROOT = macosx;
				SWIFT_COMPILATION_MODE = wholemodule;
				SWIFT_OPTIMIZATION_LEVEL = "-O";
			};
			name = Release;
		};
		A5B30541299BEAAB0047F10C /* Debug */ = {
			isa = XCBuildConfiguration;
			buildSettings = {
				ASSETCATALOG_COMPILER_APPICON_NAME = AppIcon;
				ASSETCATALOG_COMPILER_GLOBAL_ACCENT_COLOR_NAME = AccentColor;
				ASSETCATALOG_COMPILER_INCLUDE_ALL_APPICON_ASSETS = NO;
				CODE_SIGN_ENTITLEMENTS = Ghostty.entitlements;
				"CODE_SIGN_IDENTITY[sdk=macosx*]" = "-";
				CODE_SIGN_STYLE = Automatic;
				COMBINE_HIDPI_IMAGES = YES;
				CURRENT_PROJECT_VERSION = 1;
				DEVELOPMENT_TEAM = "";
				ENABLE_HARDENED_RUNTIME = YES;
				ENABLE_PREVIEWS = YES;
				GENERATE_INFOPLIST_FILE = YES;
				INFOPLIST_FILE = "Ghostty-Info.plist";
				INFOPLIST_KEY_CFBundleDisplayName = Ghostty;
				INFOPLIST_KEY_LSApplicationCategoryType = "public.app-category.developer-tools";
				INFOPLIST_KEY_NSHumanReadableCopyright = "";
				LD_RUNPATH_SEARCH_PATHS = (
					"$(inherited)",
					"@executable_path/../Frameworks",
				);
				MACOSX_DEPLOYMENT_TARGET = 12.0;
				MARKETING_VERSION = 0.1;
				"OTHER_LDFLAGS[arch=*]" = "-lstdc++";
				PRODUCT_BUNDLE_IDENTIFIER = com.mitchellh.ghostty;
				PRODUCT_NAME = "$(TARGET_NAME)";
				SWIFT_EMIT_LOC_STRINGS = YES;
				SWIFT_VERSION = 5.0;
			};
			name = Debug;
		};
		A5B30542299BEAAB0047F10C /* Release */ = {
			isa = XCBuildConfiguration;
			buildSettings = {
				ASSETCATALOG_COMPILER_APPICON_NAME = AppIcon;
				ASSETCATALOG_COMPILER_GLOBAL_ACCENT_COLOR_NAME = AccentColor;
				ASSETCATALOG_COMPILER_INCLUDE_ALL_APPICON_ASSETS = NO;
				CODE_SIGN_ENTITLEMENTS = Ghostty.entitlements;
				"CODE_SIGN_IDENTITY[sdk=macosx*]" = "-";
				CODE_SIGN_STYLE = Automatic;
				COMBINE_HIDPI_IMAGES = YES;
				CURRENT_PROJECT_VERSION = 1;
				DEVELOPMENT_TEAM = "";
				ENABLE_HARDENED_RUNTIME = YES;
				ENABLE_PREVIEWS = YES;
				GCC_OPTIMIZATION_LEVEL = fast;
				GENERATE_INFOPLIST_FILE = YES;
				INFOPLIST_FILE = "Ghostty-Info.plist";
				INFOPLIST_KEY_CFBundleDisplayName = Ghostty;
				INFOPLIST_KEY_LSApplicationCategoryType = "public.app-category.developer-tools";
				INFOPLIST_KEY_NSHumanReadableCopyright = "";
				LD_RUNPATH_SEARCH_PATHS = (
					"$(inherited)",
					"@executable_path/../Frameworks",
				);
				MACOSX_DEPLOYMENT_TARGET = 12.0;
				MARKETING_VERSION = 0.1;
				"OTHER_LDFLAGS[arch=*]" = "-lstdc++";
				PRODUCT_BUNDLE_IDENTIFIER = com.mitchellh.ghostty;
				PRODUCT_NAME = "$(TARGET_NAME)";
				SWIFT_EMIT_LOC_STRINGS = YES;
				SWIFT_VERSION = 5.0;
			};
			name = Release;
		};
/* End XCBuildConfiguration section */

/* Begin XCConfigurationList section */
		A5B3052C299BEAAA0047F10C /* Build configuration list for PBXProject "Ghostty" */ = {
			isa = XCConfigurationList;
			buildConfigurations = (
				A5B3053E299BEAAB0047F10C /* Debug */,
				A5B3053F299BEAAB0047F10C /* Release */,
			);
			defaultConfigurationIsVisible = 0;
			defaultConfigurationName = Release;
		};
		A5B30540299BEAAB0047F10C /* Build configuration list for PBXNativeTarget "Ghostty" */ = {
			isa = XCConfigurationList;
			buildConfigurations = (
				A5B30541299BEAAB0047F10C /* Debug */,
				A5B30542299BEAAB0047F10C /* Release */,
			);
			defaultConfigurationIsVisible = 0;
			defaultConfigurationName = Release;
		};
/* End XCConfigurationList section */
	};
	rootObject = A5B30529299BEAAA0047F10C /* Project object */;
}
